{
  "name": "arf-bounce-report-generator",
  "version": "1.0.0",
  "lockfileVersion": 3,
  "requires": true,
  "packages": {
    "": {
      "name": "arf-bounce-report-generator",
      "version": "1.0.0",
      "dependencies": {
        "@vercel/kv": "^2.0.0"
      },
      "devDependencies": {
        "crx3": "^2.0.0"
      },
      "engines": {
        "node": ">=18"
      }
    },
    "node_modules/@upstash/redis": {
      "version": "1.38.0",
      "resolved": "https://registry.npmjs.org/@upstash/redis/-/redis-1.38.0.tgz",
      "integrity": "sha512-wu+dZBptlLy0+MCUEoHmzrY/TnmgDey3+c7EbIGwrLqAvkP8yi5MWZHYGIFtAygmL4Bkz2TdFu+eU0vFPncIcg==",
      "license": "MIT",
      "dependencies": {
        "uncrypto": "^0.1.3"
      }
    },
    "node_modules/@vercel/kv": {
      "version": "2.0.0",
      "resolved": "https://registry.npmjs.org/@vercel/kv/-/kv-2.0.0.tgz",
      "integrity": "sha512-zdVrhbzZBYo5d1Hfn4bKtqCeKf0FuzW8rSHauzQVMUgv1+1JOwof2mWcBuI+YMJy8s0G0oqAUfQ7HgUDzb8EbA==",
      "deprecated": "Vercel KV is deprecated. If you had an existing KV store, it should have moved to Upstash Redis which you will see under Vercel Integrations. For new projects, install a Redis integration from Vercel Marketplace: https://vercel.com/marketplace?category=storage&search=redis",
      "license": "Apache-2.0",
      "dependencies": {
        "@upstash/redis": "^1.31.3"
      },
      "engines": {
        "node": ">=14.6"
      }
    },
    "node_modules/buffer-crc32": {
      "version": "1.0.0",
      "resolved": "https://registry.npmjs.org/buffer-crc32/-/buffer-crc32-1.0.0.tgz",
      "integrity": "sha512-Db1SbgBS/fg/392AblrMJk97KggmvYhr4pB5ZIMTWtaivCPMWLkmb7m21cJvpvgK+J3nsU2CmmixNBZx4vFj/w==",
      "dev": true,
      "license": "MIT",
      "engines": {
        "node": ">=8.0.0"
      }
    },
    "node_modules/crx3": {
      "version": "2.0.0",
      "resolved": "https://registry.npmjs.org/crx3/-/crx3-2.0.0.tgz",
      "integrity": "sha512-f23Oi2Zpl68aBSf5gHwn+lxQyPF+m2NAhMwwycXOxqOx6bpzDqzbcp6k/DRsyHxpsDvg5WwXcHOJSOgJ7Px5LQ==",
      "dev": true,
      "license": "MIT",
      "dependencies": {
        "mri": "^1.2.0",
        "pbf": "^4.0.1",
        "yazl": "^3.3.1"
      },
      "bin": {
        "crx3": "bin/crx3.js"
      },
      "engines": {
        "bun": ">=1.2.18",
        "node": ">=22"
      }
    },
    "node_modules/mri": {
      "version": "1.2.0",
      "resolved": "https://registry.npmjs.org/mri/-/mri-1.2.0.tgz",
      "integrity": "sha512-tzzskb3bG8LvYGFF/mDTpq3jpI6Q9wc3LEmBaghu+DdCssd1FakN7Bc0hVNmEyGq1bq3RgfkCb3cmQLpNPOroA==",
      "dev": true,
      "license": "MIT",
      "engines": {
        "node": ">=4"
      }
    },
    "node_modules/pbf": {
      "version": "4.0.2",
      "resolved": "https://registry.npmjs.org/pbf/-/pbf-4.0.2.tgz",
      "integrity": "sha512-J0ajxARhZfpUEebxYs1vhMGMuLSXtBe1e+fFPDrf2uA2hgo+UshKfNUWOz92HJNz6/NFEXseQPddnHkTreWRqg==",
      "dev": true,
      "license": "BSD-3-Clause",
      "dependencies": {
        "resolve-protobuf-schema": "^2.1.0"
      },
      "bin": {
        "pbf": "bin/pbf"
      }
    },
    "node_modules/protocol-buffers-schema": {
      "version": "3.6.1",
      "resolved": "https://registry.npmjs.org/protocol-buffers-schema/-/protocol-buffers-schema-3.6.1.tgz",
      "integrity": "sha512-VG2K63Igkiv9p76tk1lilczEK1cT+kCjKtkdhw1dQZV3k3IXJbd3o6Ho8b9zJZaHSnT2hKe4I+ObmX9w6m5SmQ==",
      "dev": true,
      "license": "MIT"
    },
    "node_modules/resolve-protobuf-schema": {
      "version": "2.1.0",
      "resolved": "https://registry.npmjs.org/resolve-protobuf-schema/-/resolve-protobuf-schema-2.1.0.tgz",
      "integrity": "sha512-kI5ffTiZWmJaS/huM8wZfEMer1eRd7oJQhDuxeCLe3t7N7mX3z94CN0xPxBQxFYQTSNz9T0i+v6inKqSdK8xrQ==",
      "dev": true,
      "license": "MIT",
      "dependencies": {
        "protocol-buffers-schema": "^3.3.1"
      }
    },
    "node_modules/uncrypto": {
      "version": "0.1.3",
      "resolved": "https://registry.npmjs.org/uncrypto/-/uncrypto-0.1.3.tgz",
      "integrity": "sha512-Ql87qFHB3s/De2ClA9e0gsnS6zXG27SkTiSJwjCc9MebbfapQfuPzumMIUMi38ezPZVNFcHI9sUIepeQfw8J8Q==",
      "license": "MIT"
    },
    "node_modules/yazl": {
      "version": "3.3.1",
      "resolved": "https://registry.npmjs.org/yazl/-/yazl-3.3.1.tgz",
      "integrity": "sha512-BbETDVWG+VcMUle37k5Fqp//7SDOK2/1+T7X8TD96M3D9G8jK5VLUdQVdVjGi8im7FGkazX7kk5hkU8X4L5Bng==",
      "dev": true,
      "license": "MIT",
      "dependencies": {
        "buffer-crc32": "^1.0.0"
      }
    }
  }
}
